{
  "name": "antares-energia",
  "version": "1.0.0",
  "lockfileVersion": 3,
  "requires": true,
  "packages": {
    "": {
      "name": "antares-energia",
      "version": "1.0.0",
      "dependencies": {
        "gsap": "^3.11.0",
        "lucide-react": "^0.263.1",
        "react": "^18.3.1",
        "react-dom": "^18.3.1",
        "react-helmet-async": "^2.0.4",
        "react-router-dom": "^6.22.0"
      }
    },
    "node_modules/gsap": {
      "version": "3.12.0",
      "resolved": "https://registry.npmjs.org/gsap/-/gsap-3.12.0.tgz",
      "integrity": "sha512-sWSZ8OT91MHWNt7K9Cuj15spfXr94X2ZXscQQ0ZKKHKvru4jrbO70yjSCs6ZRtf3JplDHMQCII9YNWtEitWjYg==",
      "engines": {
        "node": ">=6.0.0"
      }
    }
  },
  "dependencies": {
    "gsap": {
      "version": "3.12.0",
      "resolved": "https://registry.npmjs.org/gsap/-/gsap-3.12.0.tgz",
      "integrity": "sha512-sWSZ8OT91MHWNt7K9Cuj15spfXr94X2ZXscQQ0ZKKHKvru4jrbO70yjSCs6ZRtf3JplDHMQCII9YNWtEitWjYg=="
    },
    "lucide-react": {
      "version": "0.263.1",
      "resolved": "https://registry.npmjs.org/lucide-react/-/lucide-react-0.263.1.tgz",
      "integrity": "sha512-9r6V9+H0ccpWvNf9r7Yid8Szl8oUqA1X7S8H9rU89A1b7m7vUjXsh6O8o8o8o8o8o8o8o8o8o8o8o8o8o8o8o8o=="
    },
    "react": {
      "version": "18.3.1",
      "resolved": "https://registry.npmjs.org/react/-/react-18.3.1.tgz",
      "integrity": "sha512-wS5u7zBGzR+/XfFeuB4YvA3xAn7u9Wd8D2n0V9XmI1v5u3f9u0YdM8U7XGzO8o8o8o8o8o8o8o8o8o8o8o8o8o8o=="
    },
    "react-dom": {
      "version": "18.3.1",
      "resolved": "https://registry.npmjs.org/react-dom/-/react-dom-18.3.1.tgz",
      "integrity": "sha512-Xm8o8o8o8o8o8o8o8o8o8o8o8o8o8o8o8o8o8o8o8o8o8o8o8o8o8o8o8o8o8o8o8o8o8o8o8o8o8o8o8o8o8o8o8o=="
    },
    "react-helmet-async": {
      "version": "2.0.4",
      "resolved": "https://registry.npmjs.org/react-helmet-async/-/react-helmet-async-2.0.4.tgz",
      "integrity": "sha512-y2+O8o8o8o8o8o8o8o8o8o8o8o8o8o8o8o8o8o8o8o8o8o8o8o8o8o8o8o8o8o8o8o8o8o8o8o8o8o8o8o8o8o8o8o8=="
    },
    "react-router-dom": {
      "version": "6.22.0",
      "resolved": "https://registry.npmjs.org/react-router-dom/-/react-router-dom-6.22.0.tgz",
      "integrity": "sha512-y2+O8o8o8o8o8o8o8o8o8o8o8o8o8o8o8o8o8o8o8o8o8o8o8o8o8o8o8o8o8o8o8o8o8o8o8o8o8o8o8o8o8o8o8o8=="
    }
  }
}
